
Microsoft Visual Studio Solution File, Format Version 12.00
# Visual Studio Version 16
VisualStudioVersion = 16.0.29201.188
MinimumVisualStudioVersion = 10.0.40219.1
Project("{FAE04EC0-301F-11D3-BF4B-00C04F79EFBC}") = "SingletonDesignPattern", "SingletonDesignPattern.csproj", "{B41E52B2-9B2C-4E4A-9DC9-29606AC82F58}"
EndProject
Global
	GlobalSection(SolutionConfigurationPlatforms) = preSolution
		Debug|Any CPU = Debug|Any CPU
		Release|Any CPU = Release|Any CPU
	EndGlobalSection
	GlobalSection(ProjectConfigurationPlatforms) = postSolution
		{B41E52B2-9B2C-4E4A-9DC9-29606AC82F58}.Debug|Any CPU.ActiveCfg = Debug|Any CPU
		{B41E52B2-9B2C-4E4A-9DC9-29606AC82F58}.Debug|Any CPU.Build.0 = Debug|Any CPU
		{B41E52B2-9B2C-4E4A-9DC9-29606AC82F58}.Release|Any CPU.ActiveCfg = Release|Any CPU
		{B41E52B2-9B2C-4E4A-9DC9-29606AC82F58}.Release|Any CPU.Build.0 = Release|Any CPU
	EndGlobalSection
	GlobalSection(SolutionProperties) = preSolution
		HideSolutionNode = FALSE
	EndGlobalSection
	GlobalSection(ExtensibilityGlobals) = postSolution
		SolutionGuid = {C84202CE-97DB-463C-8C50-1F74256E40D1}
	EndGlobalSection
EndGlobal
