
Microsoft Visual Studio Solution File, Format Version 12.00
# Visual Studio Version 16
VisualStudioVersion = 16.0.29201.188
MinimumVisualStudioVersion = 10.0.40219.1
Project("{FAE04EC0-301F-11D3-BF4B-00C04F79EFBC}") = "PrototypeDesignPattern", "PrototypeDesignPattern.csproj", "{265E63E0-88FA-4FAE-83F3-3F1772F5D9F3}"
EndProject
Global
	GlobalSection(SolutionConfigurationPlatforms) = preSolution
		Debug|Any CPU = Debug|Any CPU
		Release|Any CPU = Release|Any CPU
	EndGlobalSection
	GlobalSection(ProjectConfigurationPlatforms) = postSolution
		{265E63E0-88FA-4FAE-83F3-3F1772F5D9F3}.Debug|Any CPU.ActiveCfg = Debug|Any CPU
		{265E63E0-88FA-4FAE-83F3-3F1772F5D9F3}.Debug|Any CPU.Build.0 = Debug|Any CPU
		{265E63E0-88FA-4FAE-83F3-3F1772F5D9F3}.Release|Any CPU.ActiveCfg = Release|Any CPU
		{265E63E0-88FA-4FAE-83F3-3F1772F5D9F3}.Release|Any CPU.Build.0 = Release|Any CPU
	EndGlobalSection
	GlobalSection(SolutionProperties) = preSolution
		HideSolutionNode = FALSE
	EndGlobalSection
	GlobalSection(ExtensibilityGlobals) = postSolution
		SolutionGuid = {9F895F1F-AAC0-48E6-BC96-9990E8FEF89F}
	EndGlobalSection
EndGlobal
