
Microsoft Visual Studio Solution File, Format Version 12.00
# Visual Studio Version 16
VisualStudioVersion = 16.0.29306.81
MinimumVisualStudioVersion = 10.0.40219.1
Project("{FAE04EC0-301F-11D3-BF4B-00C04F79EFBC}") = "FactoryMethodDesignPattern", "FactoryMethodDesignPattern.csproj", "{936830FF-EC90-41F3-A7F9-8C379D4AFA5F}"
EndProject
Global
	GlobalSection(SolutionConfigurationPlatforms) = preSolution
		Debug|Any CPU = Debug|Any CPU
		Release|Any CPU = Release|Any CPU
	EndGlobalSection
	GlobalSection(ProjectConfigurationPlatforms) = postSolution
		{936830FF-EC90-41F3-A7F9-8C379D4AFA5F}.Debug|Any CPU.ActiveCfg = Debug|Any CPU
		{936830FF-EC90-41F3-A7F9-8C379D4AFA5F}.Debug|Any CPU.Build.0 = Debug|Any CPU
		{936830FF-EC90-41F3-A7F9-8C379D4AFA5F}.Release|Any CPU.ActiveCfg = Release|Any CPU
		{936830FF-EC90-41F3-A7F9-8C379D4AFA5F}.Release|Any CPU.Build.0 = Release|Any CPU
	EndGlobalSection
	GlobalSection(SolutionProperties) = preSolution
		HideSolutionNode = FALSE
	EndGlobalSection
	GlobalSection(ExtensibilityGlobals) = postSolution
		SolutionGuid = {562286E1-EDF3-4580-97D0-56F2EC8E918D}
	EndGlobalSection
EndGlobal
